
Microsoft Visual Studio Solution File, Format Version 12.00
# Visual Studio 15
Project("{FAE04EC0-301F-11D3-BF4B-00C04F79EFBC}") = "Assembly-CSharp", "Assembly-CSharp.csproj", "{21F27E44-9353-8D72-95AF-5A8132D6E4F3}"
EndProject
Project("{FAE04EC0-301F-11D3-BF4B-00C04F79EFBC}") = "Febucci.TextAnimator.Runtime", "Febucci.TextAnimator.Runtime.csproj", "{4CB4FC0A-6D4C-EDD7-2663-0CD84B01EFA8}"
EndProject
Project("{FAE04EC0-301F-11D3-BF4B-00C04F79EFBC}") = "Febucci.TextAnimator.Demo.Runtime", "Febucci.TextAnimator.Demo.Runtime.csproj", "{FF5BA71C-E3C5-9536-1EF0-B4CEBB19F20A}"
EndProject
Project("{FAE04EC0-301F-11D3-BF4B-00C04F79EFBC}") = "Febucci.Attributes.Runtime", "Febucci.Attributes.Runtime.csproj", "{C7D2E975-3B68-7ABE-5BD4-440941B08D1A}"
EndProject
Project("{FAE04EC0-301F-11D3-BF4B-00C04F79EFBC}") = "Febucci.TextAnimator.TMP.Runtime", "Febucci.TextAnimator.TMP.Runtime.csproj", "{7396E322-8448-0F71-02D3-16D83451F2DB}"
EndProject
Project("{FAE04EC0-301F-11D3-BF4B-00C04F79EFBC}") = "Febucci.TextAnimator.Editor", "Febucci.TextAnimator.Editor.csproj", "{5C0E2152-C423-3606-6F98-ECC8F033AD7C}"
EndProject
Project("{FAE04EC0-301F-11D3-BF4B-00C04F79EFBC}") = "Febucci.Attributes.Editor", "Febucci.Attributes.Editor.csproj", "{44A11334-DD6F-79B9-3004-707491314262}"
EndProject
Global
	GlobalSection(SolutionConfigurationPlatforms) = preSolution
		Debug|Any CPU = Debug|Any CPU
		Release|Any CPU = Release|Any CPU
	EndGlobalSection
	GlobalSection(ProjectConfigurationPlatforms) = postSolution
		{21F27E44-9353-8D72-95AF-5A8132D6E4F3}.Debug|Any CPU.ActiveCfg = Debug|Any CPU
		{21F27E44-9353-8D72-95AF-5A8132D6E4F3}.Debug|Any CPU.Build.0 = Debug|Any CPU
		{21F27E44-9353-8D72-95AF-5A8132D6E4F3}.Release|Any CPU.ActiveCfg = Release|Any CPU
		{21F27E44-9353-8D72-95AF-5A8132D6E4F3}.Release|Any CPU.Build.0 = Release|Any CPU
		{4CB4FC0A-6D4C-EDD7-2663-0CD84B01EFA8}.Debug|Any CPU.ActiveCfg = Debug|Any CPU
		{4CB4FC0A-6D4C-EDD7-2663-0CD84B01EFA8}.Debug|Any CPU.Build.0 = Debug|Any CPU
		{4CB4FC0A-6D4C-EDD7-2663-0CD84B01EFA8}.Release|Any CPU.ActiveCfg = Release|Any CPU
		{4CB4FC0A-6D4C-EDD7-2663-0CD84B01EFA8}.Release|Any CPU.Build.0 = Release|Any CPU
		{FF5BA71C-E3C5-9536-1EF0-B4CEBB19F20A}.Debug|Any CPU.ActiveCfg = Debug|Any CPU
		{FF5BA71C-E3C5-9536-1EF0-B4CEBB19F20A}.Debug|Any CPU.Build.0 = Debug|Any CPU
		{FF5BA71C-E3C5-9536-1EF0-B4CEBB19F20A}.Release|Any CPU.ActiveCfg = Release|Any CPU
		{FF5BA71C-E3C5-9536-1EF0-B4CEBB19F20A}.Release|Any CPU.Build.0 = Release|Any CPU
		{C7D2E975-3B68-7ABE-5BD4-440941B08D1A}.Debug|Any CPU.ActiveCfg = Debug|Any CPU
		{C7D2E975-3B68-7ABE-5BD4-440941B08D1A}.Debug|Any CPU.Build.0 = Debug|Any CPU
		{C7D2E975-3B68-7ABE-5BD4-440941B08D1A}.Release|Any CPU.ActiveCfg = Release|Any CPU
		{C7D2E975-3B68-7ABE-5BD4-440941B08D1A}.Release|Any CPU.Build.0 = Release|Any CPU
		{7396E322-8448-0F71-02D3-16D83451F2DB}.Debug|Any CPU.ActiveCfg = Debug|Any CPU
		{7396E322-8448-0F71-02D3-16D83451F2DB}.Debug|Any CPU.Build.0 = Debug|Any CPU
		{7396E322-8448-0F71-02D3-16D83451F2DB}.Release|Any CPU.ActiveCfg = Release|Any CPU
		{7396E322-8448-0F71-02D3-16D83451F2DB}.Release|Any CPU.Build.0 = Release|Any CPU
		{5C0E2152-C423-3606-6F98-ECC8F033AD7C}.Debug|Any CPU.ActiveCfg = Debug|Any CPU
		{5C0E2152-C423-3606-6F98-ECC8F033AD7C}.Debug|Any CPU.Build.0 = Debug|Any CPU
		{5C0E2152-C423-3606-6F98-ECC8F033AD7C}.Release|Any CPU.ActiveCfg = Release|Any CPU
		{5C0E2152-C423-3606-6F98-ECC8F033AD7C}.Release|Any CPU.Build.0 = Release|Any CPU
		{44A11334-DD6F-79B9-3004-707491314262}.Debug|Any CPU.ActiveCfg = Debug|Any CPU
		{44A11334-DD6F-79B9-3004-707491314262}.Debug|Any CPU.Build.0 = Debug|Any CPU
		{44A11334-DD6F-79B9-3004-707491314262}.Release|Any CPU.ActiveCfg = Release|Any CPU
		{44A11334-DD6F-79B9-3004-707491314262}.Release|Any CPU.Build.0 = Release|Any CPU
	EndGlobalSection
	GlobalSection(SolutionProperties) = preSolution
		HideSolutionNode = FALSE
	EndGlobalSection
EndGlobal
